
Microsoft Visual Studio Solution File, Format Version 12.00
# Visual Studio Version 16
VisualStudioVersion = 16.0.29613.14
MinimumVisualStudioVersion = 10.0.40219.1
Project("{FAE04EC0-301F-11D3-BF4B-00C04F79EFBC}") = "FORUM_PROJECT", "FORUM_PROJECT.csproj", "{8E6FD25D-F003-47FE-9350-69C43670C48B}"
EndProject
Global
	GlobalSection(SolutionConfigurationPlatforms) = preSolution
		Debug|Any CPU = Debug|Any CPU
		Release|Any CPU = Release|Any CPU
	EndGlobalSection
	GlobalSection(ProjectConfigurationPlatforms) = postSolution
		{8E6FD25D-F003-47FE-9350-69C43670C48B}.Debug|Any CPU.ActiveCfg = Debug|Any CPU
		{8E6FD25D-F003-47FE-9350-69C43670C48B}.Debug|Any CPU.Build.0 = Debug|Any CPU
		{8E6FD25D-F003-47FE-9350-69C43670C48B}.Release|Any CPU.ActiveCfg = Release|Any CPU
		{8E6FD25D-F003-47FE-9350-69C43670C48B}.Release|Any CPU.Build.0 = Release|Any CPU
	EndGlobalSection
	GlobalSection(SolutionProperties) = preSolution
		HideSolutionNode = FALSE
	EndGlobalSection
	GlobalSection(ExtensibilityGlobals) = postSolution
		SolutionGuid = {7F8D9F50-C67A-41E2-B59F-60021CDB5BD5}
	EndGlobalSection
EndGlobal
